
Microsoft Visual Studio Solution File, Format Version 12.00
# Visual Studio Version 17
VisualStudioVersion = 17.11.35303.130
MinimumVisualStudioVersion = 10.0.40219.1
Project("{FAE04EC0-301F-11D3-BF4B-00C04F79EFBC}") = "Tarea1Adivinanza", "Tarea1Adivinanza\Tarea1Adivinanza.csproj", "{6786E2A4-B35A-4812-BACC-7F79819335CF}"
EndProject
Global
	GlobalSection(SolutionConfigurationPlatforms) = preSolution
		Debug|Any CPU = Debug|Any CPU
		Release|Any CPU = Release|Any CPU
	EndGlobalSection
	GlobalSection(ProjectConfigurationPlatforms) = postSolution
		{6786E2A4-B35A-4812-BACC-7F79819335CF}.Debug|Any CPU.ActiveCfg = Debug|Any CPU
		{6786E2A4-B35A-4812-BACC-7F79819335CF}.Debug|Any CPU.Build.0 = Debug|Any CPU
		{6786E2A4-B35A-4812-BACC-7F79819335CF}.Release|Any CPU.ActiveCfg = Release|Any CPU
		{6786E2A4-B35A-4812-BACC-7F79819335CF}.Release|Any CPU.Build.0 = Release|Any CPU
	EndGlobalSection
	GlobalSection(SolutionProperties) = preSolution
		HideSolutionNode = FALSE
	EndGlobalSection
	GlobalSection(ExtensibilityGlobals) = postSolution
		SolutionGuid = {39A256D0-C1E3-4F56-8301-7E1B311E61D6}
	EndGlobalSection
EndGlobal
